
Microsoft Visual Studio Solution File, Format Version 12.00
# Visual Studio Version 16
VisualStudioVersion = 16.0.30621.155
MinimumVisualStudioVersion = 10.0.40219.1
Project("{FAE04EC0-301F-11D3-BF4B-00C04F79EFBC}") = "StudentManagementSystemDesktop", "StudentManagementSystemDesktop\StudentManagementSystemDesktop.csproj", "{DCA681B0-0872-4291-B3E4-B422658F1D04}"
EndProject
Global
	GlobalSection(SolutionConfigurationPlatforms) = preSolution
		Debug|Any CPU = Debug|Any CPU
		Release|Any CPU = Release|Any CPU
	EndGlobalSection
	GlobalSection(ProjectConfigurationPlatforms) = postSolution
		{DCA681B0-0872-4291-B3E4-B422658F1D04}.Debug|Any CPU.ActiveCfg = Debug|Any CPU
		{DCA681B0-0872-4291-B3E4-B422658F1D04}.Debug|Any CPU.Build.0 = Debug|Any CPU
		{DCA681B0-0872-4291-B3E4-B422658F1D04}.Release|Any CPU.ActiveCfg = Release|Any CPU
		{DCA681B0-0872-4291-B3E4-B422658F1D04}.Release|Any CPU.Build.0 = Release|Any CPU
	EndGlobalSection
	GlobalSection(SolutionProperties) = preSolution
		HideSolutionNode = FALSE
	EndGlobalSection
	GlobalSection(ExtensibilityGlobals) = postSolution
		SolutionGuid = {D76B33A7-2849-4A3E-8CF1-899763E535B0}
	EndGlobalSection
EndGlobal
